<?xml version="1.0" encoding="utf-8"?>
<Project ToolsVersion="4.0" xmlns="http://schemas.microsoft.com/developer/msbuild/2003">
  <ItemGroup>
    <Filter Include="Source Files">
      <UniqueIdentifier>{4FC737F1-C7A5-4376-A066-2A32D752A2FF}</UniqueIdentifier>
      <Extensions>cpp;c;cc;cxx;def;odl;idl;hpj;bat;asm;asmx</Extensions>
    </Filter>
    <Filter Include="Header Files">
      <UniqueIdentifier>{93995380-89BD-4b04-88EB-625FBE52EBFB}</UniqueIdentifier>
      <Extensions>h;hh;hpp;hxx;hm;inl;inc;xsd</Extensions>
    </Filter>
    <Filter Include="Resource Files">
      <UniqueIdentifier>{67DA6AB6-F800-4c08-8B7A-83BB121AAD01}</UniqueIdentifier>
      <Extensions>rc;ico;cur;bmp;dlg;rc2;rct;bin;rgs;gif;jpg;jpeg;jpe;resx;tiff;tif;png;wav;mfcribbon-ms</Extensions>
    </Filter>
  </ItemGroup>
  <ItemGroup>
    <Text Include="ReadMe.txt" />
  </ItemGroup>
  <ItemGroup>
    <ClInclude Include="개미프로젝트.h">
      <Filter>Header Files</Filter>
    </ClInclude>
    <ClInclude Include="stdafx.h">
      <Filter>Header Files</Filter>
    </ClInclude>
    <ClInclude Include="targetver.h">
      <Filter>Header Files</Filter>
    </ClInclude>
    <ClInclude Include="MainFrm.h">
      <Filter>Header Files</Filter>
    </ClInclude>
    <ClInclude Include="개미프로젝트Doc.h">
      <Filter>Header Files</Filter>
    </ClInclude>
    <ClInclude Include="개미프로젝트View.h">
      <Filter>Header Files</Filter>
    </ClInclude>
    <ClInclude Include="Resource.h">
      <Filter>Header Files</Filter>
    </ClInclude>
    <ClInclude Include="Ant.h">
      <Filter>Header Files</Filter>
    </ClInclude>
    <ClInclude Include="BufferDC.h">
      <Filter>Header Files</Filter>
    </ClInclude>
    <ClInclude Include="Hell.h">
      <Filter>Header Files</Filter>
    </ClInclude>
    <ClInclude Include="MyDialog.h">
      <Filter>Header Files</Filter>
    </ClInclude>
  </ItemGroup>
  <ItemGroup>
    <ClCompile Include="개미프로젝트.cpp">
      <Filter>Source Files</Filter>
    </ClCompile>
    <ClCompile Include="stdafx.cpp">
      <Filter>Source Files</Filter>
    </ClCompile>
    <ClCompile Include="MainFrm.cpp">
      <Filter>Source Files</Filter>
    </ClCompile>
    <ClCompile Include="개미프로젝트Doc.cpp">
      <Filter>Source Files</Filter>
    </ClCompile>
    <ClCompile Include="개미프로젝트View.cpp">
      <Filter>Source Files</Filter>
    </ClCompile>
    <ClCompile Include="Ant.cpp">
      <Filter>Source Files</Filter>
    </ClCompile>
    <ClCompile Include="BufferDC.cpp">
      <Filter>Source Files</Filter>
    </ClCompile>
    <ClCompile Include="MyDialog.cpp">
      <Filter>Source Files</Filter>
    </ClCompile>
  </ItemGroup>
  <ItemGroup>
    <ResourceCompile Include="개미프로젝트.rc">
      <Filter>Resource Files</Filter>
    </ResourceCompile>
  </ItemGroup>
  <ItemGroup>
    <None Include="res\My.rc2">
      <Filter>Resource Files</Filter>
    </None>
  </ItemGroup>
  <ItemGroup>
    <Image Include="res\개미프로젝트Doc.ico">
      <Filter>Resource Files</Filter>
    </Image>
    <Image Include="res\개미프로젝트.ico">
      <Filter>Resource Files</Filter>
    </Image>
    <Image Include="res\Toolbar.bmp">
      <Filter>Resource Files</Filter>
    </Image>
    <Image Include="..\..\..\..\..\Desktop\프언\Ant.bmp">
      <Filter>Resource Files</Filter>
    </Image>
    <Image Include="..\..\..\..\..\Desktop\프언\Cake.bmp">
      <Filter>Resource Files</Filter>
    </Image>
    <Image Include="..\..\..\..\..\Desktop\프언\파리채.bmp">
      <Filter>Resource Files</Filter>
    </Image>
    <Image Include="..\..\..\..\..\Desktop\프언\BackGround.bmp">
      <Filter>Resource Files</Filter>
    </Image>
    <Image Include="..\..\..\..\..\Desktop\프언\FireAnt.bmp">
      <Filter>Resource Files</Filter>
    </Image>
    <Image Include="..\..\..\..\..\desktop\프언\bitmap8.bmp">
      <Filter>Resource Files</Filter>
    </Image>
    <Image Include="..\..\..\..\..\Desktop\프언\에프킬라.bmp">
      <Filter>Resource Files</Filter>
    </Image>
    <Image Include="..\..\..\..\..\Desktop\프언\손상된케잌1.bmp">
      <Filter>Resource Files</Filter>
    </Image>
    <Image Include="..\..\..\..\..\Desktop\프언\손상된케잌2.bmp">
      <Filter>Resource Files</Filter>
    </Image>
    <Image Include="..\..\..\..\..\Desktop\프언\손상된케잌3.bmp">
      <Filter>Resource Files</Filter>
    </Image>
    <Image Include="..\..\..\..\..\Desktop\프언\곰개미.bmp">
      <Filter>Resource Files</Filter>
    </Image>
    <Image Include="..\..\..\..\..\Desktop\프언\곰개미대칭.bmp">
      <Filter>Resource Files</Filter>
    </Image>
    <Image Include="..\..\..\..\..\Desktop\프언\돼지표본드.bmp">
      <Filter>Resource Files</Filter>
    </Image>
    <Image Include="..\..\..\..\..\Desktop\프언\접착제.bmp">
      <Filter>Resource Files</Filter>
    </Image>
    <Image Include="..\..\..\..\..\Desktop\프언\gamestart.bmp">
      <Filter>Resource Files</Filter>
    </Image>
    <Image Include="..\..\..\..\..\Desktop\프언\howto.bmp">
      <Filter>Resource Files</Filter>
    </Image>
    <Image Include="..\..\..\..\..\Desktop\프언\게임방법상세.bmp">
      <Filter>Resource Files</Filter>
    </Image>
    <Image Include="..\..\..\..\..\Desktop\프언\준비.bmp">
      <Filter>Resource Files</Filter>
    </Image>
    <Image Include="..\..\..\..\..\Desktop\프언\hpback.bmp">
      <Filter>Resource Files</Filter>
    </Image>
    <Image Include="..\..\..\..\..\Desktop\프언\hp.bmp">
      <Filter>Resource Files</Filter>
    </Image>
  </ItemGroup>
  <ItemGroup>
    <Media Include="..\..\..\..\..\Downloads\찰싹소리.wav">
      <Filter>Resource Files</Filter>
    </Media>
    <Media Include="..\..\..\..\..\Desktop\프언\찰싹소리.wav">
      <Filter>Resource Files</Filter>
    </Media>
    <Media Include="..\..\..\..\..\Desktop\프언\스프레이소리.WAV">
      <Filter>Resource Files</Filter>
    </Media>
    <Media Include="..\..\..\..\..\Desktop\프언\Oh!MyCake!브금.WAV">
      <Filter>Resource Files</Filter>
    </Media>
  </ItemGroup>
</Project>